// !$*UTF8*$!
{
	archiveVersion = 1;
	classes = {
	};
	objectVersion = 55;
	objects = {

/* Begin PBXBuildFile section */
		2CE3424A306115AB000E444A /* uchisui_locationApp.swift in Sources */ = {isa = PBXBuildFile; fileRef = 2CE34249306115AB000E444A /* uchisui_locationApp.swift */; };
		2CE3424C306115AB000E444A /* ContentView.swift in Sources */ = {isa = PBXBuildFile; fileRef = 2CE3424B306115AB000E444A /* ContentView.swift */; };
		2CE3424E306115BD000E444A /* Assets.xcassets in Resources */ = {isa = PBXBuildFile; fileRef = 2CE3424D306115BD000E444A /* Assets.xcassets */; };
		2CE34251306115BE000E444A /* Preview Assets.xcassets in Resources */ = {isa = PBXBuildFile; fileRef = 2CE34250306115BE000E444A /* Preview Assets.xcassets */; };
		2CE3425B306115C0000E444A /* uchisui_locationTests.swift in Sources */ = {isa = PBXBuildFile; fileRef = 2CE3425A306115C0000E444A /* uchisui_locationTests.swift */; };
		2CE34265306115C0000E444A /* uchisui_locationUITests.swift in Sources */ = {isa = PBXBuildFile; fileRef = 2CE34264306115C0000E444A /* uchisui_locationUITests.swift */; };
		2CE34267306115C0000E444A /* uchisui_locationUITestsLaunchTests.swift in Sources */ = {isa = PBXBuildFile; fileRef = 2CE34266306115C0000E444A /* uchisui_locationUITestsLaunchTests.swift */; };
/* End PBXBuildFile section */

/* Begin PBXContainerItemProxy section */
		2CE34257306115C0000E444A /* PBXContainerItemProxy */ = {
			isa = PBXContainerItemProxy;
			containerPortal = 2CE3423E306115AA000E444A /* Project object */;
			proxyType = 1;
			remoteGlobalIDString = 2CE34245306115AA000E444A;
			remoteInfo = "uchisui location";
		};
		2CE34261306115C0000E444A /* PBXContainerItemProxy */ = {
			isa = PBXContainerItemProxy;
			containerPortal = 2CE3423E306115AA000E444A /* Project object */;
			proxyType = 1;
			remoteGlobalIDString = 2CE34245306115AA000E444A;
			remoteInfo = "uchisui location";
		};
/* End PBXContainerItemProxy section */

/* Begin PBXFileReference section */
		2CE34246306115AA000E444A /* uchisui location.app */ = {isa = PBXFileReference; explicitFileType = wrapper.application; includeInIndex = 0; path = "uchisui location.app"; sourceTree = BUILT_PRODUCTS_DIR; };
		2CE34249306115AB000E444A /* uchisui_locationApp.swift */ = {isa = PBXFileReference; lastKnownFileType = sourcecode.swift; path = uchisui_locationApp.swift; sourceTree = "<group>"; };
		2CE3424B306115AB000E444A /* ContentView.swift */ = {isa = PBXFileReference; lastKnownFileType = sourcecode.swift; path = ContentView.swift; sourceTree = "<group>"; };
		2CE3424D306115BD000E444A /* Assets.xcassets */ = {isa = PBXFileReference; lastKnownFileType = folder.assetcatalog; path = Assets.xcassets; sourceTree = "<group>"; };
		2CE34250306115BE000E444A /* Preview Assets.xcassets */ = {isa = PBXFileReference; lastKnownFileType = folder.assetcatalog; path = "Preview Assets.xcassets"; sourceTree = "<group>"; };
		2CE34256306115C0000E444A /* uchisui locationTests.xctest */ = {isa = PBXFileReference; explicitFileType = wrapper.cfbundle; includeInIndex = 0; path = "uchisui locationTests.xctest"; sourceTree = BUILT_PRODUCTS_DIR; };
		2CE3425A306115C0000E444A /* uchisui_locationTests.swift */ = {isa = PBXFileReference; lastKnownFileType = sourcecode.swift; path = uchisui_locationTests.swift; sourceTree = "<group>"; };
		2CE34260306115C0000E444A /* uchisui locationUITests.xctest */ = {isa = PBXFileReference; explicitFileType = wrapper.cfbundle; includeInIndex = 0; path = "uchisui locationUITests.xctest"; sourceTree = BUILT_PRODUCTS_DIR; };
		2CE34264306115C0000E444A /* uchisui_locationUITests.swift */ = {isa = PBXFileReference; lastKnownFileType = sourcecode.swift; path = uchisui_locationUITests.swift; sourceTree = "<group>"; };
		2CE34266306115C0000E444A /* uchisui_locationUITestsLaunchTests.swift */ = {isa = PBXFileReference; lastKnownFileType = sourcecode.swift; path = uchisui_locationUITestsLaunchTests.swift; sourceTree = "<group>"; };
/* End PBXFileReference section */

/* Begin PBXFrameworksBuildPhase section */
		2CE34243306115AA000E444A /* Frameworks */ = {
			isa = PBXFrameworksBuildPhase;
			buildActionMask = 2147483647;
			files = (
			);
			runOnlyForDeploymentPostprocessing = 0;
		};
		2CE34253306115C0000E444A /* Frameworks */ = {
			isa = PBXFrameworksBuildPhase;
			buildActionMask = 2147483647;
			files = (
			);
			runOnlyForDeploymentPostprocessing = 0;
		};
		2CE3425D306115C0000E444A /* Frameworks */ = {
			isa = PBXFrameworksBuildPhase;
			buildActionMask = 2147483647;
			files = (
			);
			runOnlyForDeploymentPostprocessing = 0;
		};
/* End PBXFrameworksBuildPhase section */

/* Begin PBXGroup section */
		2CE3423D306115AA000E444A = {
			isa = PBXGroup;
			children = (
				2CE34248306115AA000E444A /* uchisui location */,
				2CE34259306115C0000E444A /* uchisui locationTests */,
				2CE34263306115C0000E444A /* uchisui locationUITests */,
				2CE34247306115AA000E444A /* Products */,
			);
			sourceTree = "<group>";
		};
		2CE34247306115AA000E444A /* Products */ = {
			isa = PBXGroup;
			children = (
				2CE34246306115AA000E444A /* uchisui location.app */,
				2CE34256306115C0000E444A /* uchisui locationTests.xctest */,
				2CE34260306115C0000E444A /* uchisui locationUITests.xctest */,
			);
			name = Products;
			sourceTree = "<group>";
		};
		2CE34248306115AA000E444A /* uchisui location */ = {
			isa = PBXGroup;
			children = (
				2CE34249306115AB000E444A /* uchisui_locationApp.swift */,
				2CE3424B306115AB000E444A /* ContentView.swift */,
				2CE3424D306115BD000E444A /* Assets.xcassets */,
				2CE3424F306115BE000E444A /* Preview Content */,
			);
			path = "uchisui location";
			sourceTree = "<group>";
		};
		2CE3424F306115BE000E444A /* Preview Content */ = {
			isa = PBXGroup;
			children = (
				2CE34250306115BE000E444A /* Preview Assets.xcassets */,
			);
			path = "Preview Content";
			sourceTree = "<group>";
		};
		2CE34259306115C0000E444A /* uchisui locationTests */ = {
			isa = PBXGroup;
			children = (
				2CE3425A306115C0000E444A /* uchisui_locationTests.swift */,
			);
			path = "uchisui locationTests";
			sourceTree = "<group>";
		};
		2CE34263306115C0000E444A /* uchisui locationUITests */ = {
			isa = PBXGroup;
			children = (
				2CE34264306115C0000E444A /* uchisui_locationUITests.swift */,
				2CE34266306115C0000E444A /* uchisui_locationUITestsLaunchTests.swift */,
			);
			path = "uchisui locationUITests";
			sourceTree = "<group>";
		};
/* End PBXGroup section */

/* Begin PBXNativeTarget section */
		2CE34245306115AA000E444A /* uchisui location */ = {
			isa = PBXNativeTarget;
			buildConfigurationList = 2CE3426A306115C0000E444A /* Build configuration list for PBXNativeTarget "uchisui location" */;
			buildPhases = (
				2CE34242306115AA000E444A /* Sources */,
				2CE34243306115AA000E444A /* Frameworks */,
				2CE34244306115AA000E444A /* Resources */,
			);
			buildRules = (
			);
			dependencies = (
			);
			name = "uchisui location";
			productName = "uchisui location";
			productReference = 2CE34246306115AA000E444A /* uchisui location.app */;
			productType = "com.apple.product-type.application";
		};
		2CE34255306115C0000E444A /* uchisui locationTests */ = {
			isa = PBXNativeTarget;
			buildConfigurationList = 2CE3426D306115C0000E444A /* Build configuration list for PBXNativeTarget "uchisui locationTests" */;
			buildPhases = (
				2CE34252306115C0000E444A /* Sources */,
				2CE34253306115C0000E444A /* Frameworks */,
				2CE34254306115C0000E444A /* Resources */,
			);
			buildRules = (
			);
			dependencies = (
				2CE34258306115C0000E444A /* PBXTargetDependency */,
			);
			name = "uchisui locationTests";
			productName = "uchisui locationTests";
			productReference = 2CE34256306115C0000E444A /* uchisui locationTests.xctest */;
			productType = "com.apple.product-type.bundle.unit-test";
		};
		2CE3425F306115C0000E444A /* uchisui locationUITests */ = {
			isa = PBXNativeTarget;
			buildConfigurationList = 2CE34270306115C0000E444A /* Build configuration list for PBXNativeTarget "uchisui locationUITests" */;
			buildPhases = (
				2CE3425C306115C0000E444A /* Sources */,
				2CE3425D306115C0000E444A /* Frameworks */,
				2CE3425E306115C0000E444A /* Resources */,
			);
			buildRules = (
			);
			dependencies = (
				2CE34262306115C0000E444A /* PBXTargetDependency */,
			);
			name = "uchisui locationUITests";
			productName = "uchisui locationUITests";
			productReference = 2CE34260306115C0000E444A /* uchisui locationUITests.xctest */;
			productType = "com.apple.product-type.bundle.ui-testing";
		};
/* End PBXNativeTarget section */

/* Begin PBXProject section */
		2CE3423E306115AA000E444A /* Project object */ = {
			isa = PBXProject;
			attributes = {
				BuildIndependentTargetsInParallel = 1;
				LastSwiftUpdateCheck = 1340;
				LastUpgradeCheck = 1340;
				TargetAttributes = {
					2CE34245306115AA000E444A = {
						CreatedOnToolsVersion = 13.4.1;
					};
					2CE34255306115C0000E444A = {
						CreatedOnToolsVersion = 13.4.1;
						TestTargetID = 2CE34245306115AA000E444A;
					};
					2CE3425F306115C0000E444A = {
						CreatedOnToolsVersion = 13.4.1;
						TestTargetID = 2CE34245306115AA000E444A;
					};
				};
			};
			buildConfigurationList = 2CE34241306115AA000E444A /* Build configuration list for PBXProject "uchisui location" */;
			compatibilityVersion = "Xcode 13.0";
			developmentRegion = en;
			hasScannedForEncodings = 0;
			knownRegions = (
				en,
				Base,
			);
			mainGroup = 2CE3423D306115AA000E444A;
			productRefGroup = 2CE34247306115AA000E444A /* Products */;
			projectDirPath = "";
			projectRoot = "";
			targets = (
				2CE34245306115AA000E444A /* uchisui location */,
				2CE34255306115C0000E444A /* uchisui locationTests */,
				2CE3425F306115C0000E444A /* uchisui locationUITests */,
			);
		};
/* End PBXProject section */

/* Begin PBXResourcesBuildPhase section */
		2CE34244306115AA000E444A /* Resources */ = {
			isa = PBXResourcesBuildPhase;
			buildActionMask = 2147483647;
			files = (
				2CE34251306115BE000E444A /* Preview Assets.xcassets in Resources */,
				2CE3424E306115BD000E444A /* Assets.xcassets in Resources */,
			);
			runOnlyForDeploymentPostprocessing = 0;
		};
		2CE34254306115C0000E444A /* Resources */ = {
			isa = PBXResourcesBuildPhase;
			buildActionMask = 2147483647;
			files = (
			);
			runOnlyForDeploymentPostprocessing = 0;
		};
		2CE3425E306115C0000E444A /* Resources */ = {
			isa = PBXResourcesBuildPhase;
			buildActionMask = 2147483647;
			files = (
			);
			runOnlyForDeploymentPostprocessing = 0;
		};
/* End PBXResourcesBuildPhase section */

/* Begin PBXSourcesBuildPhase section */
		2CE34242306115AA000E444A /* Sources */ = {
			isa = PBXSourcesBuildPhase;
			buildActionMask = 2147483647;
			files = (
				2CE3424C306115AB000E444A /* ContentView.swift in Sources */,
				2CE3424A306115AB000E444A /* uchisui_locationApp.swift in Sources */,
			);
			runOnlyForDeploymentPostprocessing = 0;
		};
		2CE34252306115C0000E444A /* Sources */ = {
			isa = PBXSourcesBuildPhase;
			buildActionMask = 2147483647;
			files = (
				2CE3425B306115C0000E444A /* uchisui_locationTests.swift in Sources */,
			);
			runOnlyForDeploymentPostprocessing = 0;
		};
		2CE3425C306115C0000E444A /* Sources */ = {
			isa = PBXSourcesBuildPhase;
			buildActionMask = 2147483647;
			files = (
				2CE34267306115C0000E444A /* uchisui_locationUITestsLaunchTests.swift in Sources */,
				2CE34265306115C0000E444A /* uchisui_locationUITests.swift in Sources */,
			);
			runOnlyForDeploymentPostprocessing = 0;
		};
/* End PBXSourcesBuildPhase section */

/* Begin PBXTargetDependency section */
		2CE34258306115C0000E444A /* PBXTargetDependency */ = {
			isa = PBXTargetDependency;
			target = 2CE34245306115AA000E444A /* uchisui location */;
			targetProxy = 2CE34257306115C0000E444A /* PBXContainerItemProxy */;
		};
		2CE34262306115C0000E444A /* PBXTargetDependency */ = {
			isa = PBXTargetDependency;
			target = 2CE34245306115AA000E444A /* uchisui location */;
			targetProxy = 2CE34261306115C0000E444A /* PBXContainerItemProxy */;
		};
/* End PBXTargetDependency section */

/* Begin XCBuildConfiguration section */
		2CE34268306115C0000E444A /* Debug */ = {
			isa = XCBuildConfiguration;
			buildSettings = {
				ALWAYS_SEARCH_USER_PATHS = NO;
				CLANG_ANALYZER_NONNULL = YES;
				CLANG_ANALYZER_NUMBER_OBJECT_CONVERSION = YES_AGGRESSIVE;
				CLANG_CXX_LANGUAGE_STANDARD = "gnu++17";
				CLANG_ENABLE_MODULES = YES;
				CLANG_ENABLE_OBJC_ARC = YES;
				CLANG_ENABLE_OBJC_WEAK = YES;
				CLANG_WARN_BLOCK_CAPTURE_AUTORELEASING = YES;
				CLANG_WARN_BOOL_CONVERSION = YES;
				CLANG_WARN_COMMA = YES;
				CLANG_WARN_CONSTANT_CONVERSION = YES;
				CLANG_WARN_DEPRECATED_OBJC_IMPLEMENTATIONS = YES;
				CLANG_WARN_DIRECT_OBJC_ISA_USAGE = YES_ERROR;
				CLANG_WARN_DOCUMENTATION_COMMENTS = YES;
				CLANG_WARN_EMPTY_BODY = YES;
				CLANG_WARN_ENUM_CONVERSION = YES;
				CLANG_WARN_INFINITE_RECURSION = YES;
				CLANG_WARN_INT_CONVERSION = YES;
				CLANG_WARN_NON_LITERAL_NULL_CONVERSION = YES;
				CLANG_WARN_OBJC_IMPLICIT_RETAIN_SELF = YES;
				CLANG_WARN_OBJC_LITERAL_CONVERSION = YES;
				CLANG_WARN_OBJC_ROOT_CLASS = YES_ERROR;
				CLANG_WARN_QUOTED_INCLUDE_IN_FRAMEWORK_HEADER = YES;
				CLANG_WARN_RANGE_LOOP_ANALYSIS = YES;
				CLANG_WARN_STRICT_PROTOTYPES = YES;
				CLANG_WARN_SUSPICIOUS_MOVE = YES;
				CLANG_WARN_UNGUARDED_AVAILABILITY = YES_AGGRESSIVE;
				CLANG_WARN_UNREACHABLE_CODE = YES;
				CLANG_WARN__DUPLICATE_METHOD_MATCH = YES;
				COPY_PHASE_STRIP = NO;
				DEBUG_INFORMATION_FORMAT = dwarf;
				ENABLE_STRICT_OBJC_MSGSEND = YES;
				ENABLE_TESTABILITY = YES;
				GCC_C_LANGUAGE_STANDARD = gnu11;
				GCC_DYNAMIC_NO_PIC = NO;
				GCC_NO_COMMON_BLOCKS = YES;
				GCC_OPTIMIZATION_LEVEL = 0;
				GCC_PREPROCESSOR_DEFINITIONS = (
					"DEBUG=1",
					"$(inherited)",
				);
				GCC_WARN_64_TO_32_BIT_CONVERSION = YES;
				GCC_WARN_ABOUT_RETURN_TYPE = YES_ERROR;
				GCC_WARN_UNDECLARED_SELECTOR = YES;
				GCC_WARN_UNINITIALIZED_AUTOS = YES_AGGRESSIVE;
				GCC_WARN_UNUSED_FUNCTION = YES;
				GCC_WARN_UNUSED_VARIABLE = YES;
				IPHONEOS_DEPLOYMENT_TARGET = 15.5;
				MTL_ENABLE_DEBUG_INFO = INCLUDE_SOURCE;
				MTL_FAST_MATH = YES;
				ONLY_ACTIVE_ARCH = YES;
				SDKROOT = iphoneos;
				SWIFT_ACTIVE_COMPILATION_CONDITIONS = DEBUG;
				SWIFT_OPTIMIZATION_LEVEL = "-Onone";
			};
			name = Debug;
		};
		2CE34269306115C0000E444A /* Release */ = {
			isa = XCBuildConfiguration;
			buildSettings = {
				ALWAYS_SEARCH_USER_PATHS = NO;
				CLANG_ANALYZER_NONNULL = YES;
				CLANG_ANALYZER_NUMBER_OBJECT_CONVERSION = YES_AGGRESSIVE;
				CLANG_CXX_LANGUAGE_STANDARD = "gnu++17";
				CLANG_ENABLE_MODULES = YES;
				CLANG_ENABLE_OBJC_ARC = YES;
				CLANG_ENABLE_OBJC_WEAK = YES;
				CLANG_WARN_BLOCK_CAPTURE_AUTORELEASING = YES;
				CLANG_WARN_BOOL_CONVERSION = YES;
				CLANG_WARN_COMMA = YES;
				CLANG_WARN_CONSTANT_CONVERSION = YES;
				CLANG_WARN_DEPRECATED_OBJC_IMPLEMENTATIONS = YES;
				CLANG_WARN_DIRECT_OBJC_ISA_USAGE = YES_ERROR;
				CLANG_WARN_DOCUMENTATION_COMMENTS = YES;
				CLANG_WARN_EMPTY_BODY = YES;
				CLANG_WARN_ENUM_CONVERSION = YES;
				CLANG_WARN_INFINITE_RECURSION = YES;
				CLANG_WARN_INT_CONVERSION = YES;
				CLANG_WARN_NON_LITERAL_NULL_CONVERSION = YES;
				CLANG_WARN_OBJC_IMPLICIT_RETAIN_SELF = YES;
				CLANG_WARN_OBJC_LITERAL_CONVERSION = YES;
				CLANG_WARN_OBJC_ROOT_CLASS = YES_ERROR;
				CLANG_WARN_QUOTED_INCLUDE_IN_FRAMEWORK_HEADER = YES;
				CLANG_WARN_RANGE_LOOP_ANALYSIS = YES;
				CLANG_WARN_STRICT_PROTOTYPES = YES;
				CLANG_WARN_SUSPICIOUS_MOVE = YES;
				CLANG_WARN_UNGUARDED_AVAILABILITY = YES_AGGRESSIVE;
				CLANG_WARN_UNREACHABLE_CODE = YES;
				CLANG_WARN__DUPLICATE_METHOD_MATCH = YES;
				COPY_PHASE_STRIP = NO;
				DEBUG_INFORMATION_FORMAT = "dwarf-with-dsym";
				ENABLE_NS_ASSERTIONS = NO;
				ENABLE_STRICT_OBJC_MSGSEND = YES;
				GCC_C_LANGUAGE_STANDARD = gnu11;
				GCC_NO_COMMON_BLOCKS = YES;
				GCC_WARN_64_TO_32_BIT_CONVERSION = YES;
				GCC_WARN_ABOUT_RETURN_TYPE = YES_ERROR;
				GCC_WARN_UNDECLARED_SELECTOR = YES;
				GCC_WARN_UNINITIALIZED_AUTOS = YES_AGGRESSIVE;
				GCC_WARN_UNUSED_FUNCTION = YES;
				GCC_WARN_UNUSED_VARIABLE = YES;
				IPHONEOS_DEPLOYMENT_TARGET = 15.5;
				MTL_ENABLE_DEBUG_INFO = NO;
				MTL_FAST_MATH = YES;
				SDKROOT = iphoneos;
				SWIFT_COMPILATION_MODE = wholemodule;
				SWIFT_OPTIMIZATION_LEVEL = "-O";
				VALIDATE_PRODUCT = YES;
			};
			name = Release;
		};
		2CE3426B306115C0000E444A /* Debug */ = {
			isa = XCBuildConfiguration;
			buildSettings = {
				ASSETCATALOG_COMPILER_APPICON_NAME = AppIcon;
				ASSETCATALOG_COMPILER_GLOBAL_ACCENT_COLOR_NAME = AccentColor;
				CODE_SIGN_STYLE = Automatic;
				CURRENT_PROJECT_VERSION = 1;
				DEVELOPMENT_ASSET_PATHS = "\"uchisui location/Preview Content\"";
				ENABLE_PREVIEWS = YES;
				GENERATE_INFOPLIST_FILE = YES;
				INFOPLIST_KEY_UIApplicationSceneManifest_Generation = YES;
				INFOPLIST_KEY_UIApplicationSupportsIndirectInputEvents = YES;
				INFOPLIST_KEY_UILaunchScreen_Generation = YES;
				INFOPLIST_KEY_UISupportedInterfaceOrientations_iPad = "UIInterfaceOrientationPortrait UIInterfaceOrientationPortraitUpsideDown UIInterfaceOrientationLandscapeLeft UIInterfaceOrientationLandscapeRight";
				INFOPLIST_KEY_UISupportedInterfaceOrientations_iPhone = "UIInterfaceOrientationPortrait UIInterfaceOrientationLandscapeLeft UIInterfaceOrientationLandscapeRight";
				LD_RUNPATH_SEARCH_PATHS = (
					"$(inherited)",
					"@executable_path/Frameworks",
				);
				MARKETING_VERSION = 1.0;
				PRODUCT_BUNDLE_IDENTIFIER = "com.uchisui-location";
				PRODUCT_NAME = "$(TARGET_NAME)";
				SWIFT_EMIT_LOC_STRINGS = YES;
				SWIFT_VERSION = 5.0;
				TARGETED_DEVICE_FAMILY = "1,2";
			};
			name = Debug;
		};
		2CE3426C306115C0000E444A /* Release */ = {
			isa = XCBuildConfiguration;
			buildSettings = {
				ASSETCATALOG_COMPILER_APPICON_NAME = AppIcon;
				ASSETCATALOG_COMPILER_GLOBAL_ACCENT_COLOR_NAME = AccentColor;
				CODE_SIGN_STYLE = Automatic;
				CURRENT_PROJECT_VERSION = 1;
				DEVELOPMENT_ASSET_PATHS = "\"uchisui location/Preview Content\"";
				ENABLE_PREVIEWS = YES;
				GENERATE_INFOPLIST_FILE = YES;
				INFOPLIST_KEY_UIApplicationSceneManifest_Generation = YES;
				INFOPLIST_KEY_UIApplicationSupportsIndirectInputEvents = YES;
				INFOPLIST_KEY_UILaunchScreen_Generation = YES;
				INFOPLIST_KEY_UISupportedInterfaceOrientations_iPad = "UIInterfaceOrientationPortrait UIInterfaceOrientationPortraitUpsideDown UIInterfaceOrientationLandscapeLeft UIInterfaceOrientationLandscapeRight";
				INFOPLIST_KEY_UISupportedInterfaceOrientations_iPhone = "UIInterfaceOrientationPortrait UIInterfaceOrientationLandscapeLeft UIInterfaceOrientationLandscapeRight";
				LD_RUNPATH_SEARCH_PATHS = (
					"$(inherited)",
					"@executable_path/Frameworks",
				);
				MARKETING_VERSION = 1.0;
				PRODUCT_BUNDLE_IDENTIFIER = "com.uchisui-location";
				PRODUCT_NAME = "$(TARGET_NAME)";
				SWIFT_EMIT_LOC_STRINGS = YES;
				SWIFT_VERSION = 5.0;
				TARGETED_DEVICE_FAMILY = "1,2";
			};
			name = Release;
		};
		2CE3426E306115C0000E444A /* Debug */ = {
			isa = XCBuildConfiguration;
			buildSettings = {
				ALWAYS_EMBED_SWIFT_STANDARD_LIBRARIES = YES;
				BUNDLE_LOADER = "$(TEST_HOST)";
				CODE_SIGN_STYLE = Automatic;
				CURRENT_PROJECT_VERSION = 1;
				GENERATE_INFOPLIST_FILE = YES;
				IPHONEOS_DEPLOYMENT_TARGET = 15.5;
				MARKETING_VERSION = 1.0;
				PRODUCT_BUNDLE_IDENTIFIER = "com.uchisui-locationTests";
				PRODUCT_NAME = "$(TARGET_NAME)";
				SWIFT_EMIT_LOC_STRINGS = NO;
				SWIFT_VERSION = 5.0;
				TARGETED_DEVICE_FAMILY = "1,2";
				TEST_HOST = "$(BUILT_PRODUCTS_DIR)/uchisui location.app/uchisui location";
			};
			name = Debug;
		};
		2CE3426F306115C0000E444A /* Release */ = {
			isa = XCBuildConfiguration;
			buildSettings = {
				ALWAYS_EMBED_SWIFT_STANDARD_LIBRARIES = YES;
				BUNDLE_LOADER = "$(TEST_HOST)";
				CODE_SIGN_STYLE = Automatic;
				CURRENT_PROJECT_VERSION = 1;
				GENERATE_INFOPLIST_FILE = YES;
				IPHONEOS_DEPLOYMENT_TARGET = 15.5;
				MARKETING_VERSION = 1.0;
				PRODUCT_BUNDLE_IDENTIFIER = "com.uchisui-locationTests";
				PRODUCT_NAME = "$(TARGET_NAME)";
				SWIFT_EMIT_LOC_STRINGS = NO;
				SWIFT_VERSION = 5.0;
				TARGETED_DEVICE_FAMILY = "1,2";
				TEST_HOST = "$(BUILT_PRODUCTS_DIR)/uchisui location.app/uchisui location";
			};
			name = Release;
		};
		2CE34271306115C0000E444A /* Debug */ = {
			isa = XCBuildConfiguration;
			buildSettings = {
				ALWAYS_EMBED_SWIFT_STANDARD_LIBRARIES = YES;
				CODE_SIGN_STYLE = Automatic;
				CURRENT_PROJECT_VERSION = 1;
				GENERATE_INFOPLIST_FILE = YES;
				MARKETING_VERSION = 1.0;
				PRODUCT_BUNDLE_IDENTIFIER = "com.uchisui-locationUITests";
				PRODUCT_NAME = "$(TARGET_NAME)";
				SWIFT_EMIT_LOC_STRINGS = NO;
				SWIFT_VERSION = 5.0;
				TARGETED_DEVICE_FAMILY = "1,2";
				TEST_TARGET_NAME = "uchisui location";
			};
			name = Debug;
		};
		2CE34272306115C0000E444A /* Release */ = {
			isa = XCBuildConfiguration;
			buildSettings = {
				ALWAYS_EMBED_SWIFT_STANDARD_LIBRARIES = YES;
				CODE_SIGN_STYLE = Automatic;
				CURRENT_PROJECT_VERSION = 1;
				GENERATE_INFOPLIST_FILE = YES;
				MARKETING_VERSION = 1.0;
				PRODUCT_BUNDLE_IDENTIFIER = "com.uchisui-locationUITests";
				PRODUCT_NAME = "$(TARGET_NAME)";
				SWIFT_EMIT_LOC_STRINGS = NO;
				SWIFT_VERSION = 5.0;
				TARGETED_DEVICE_FAMILY = "1,2";
				TEST_TARGET_NAME = "uchisui location";
			};
			name = Release;
		};
/* End XCBuildConfiguration section */

/* Begin XCConfigurationList section */
		2CE34241306115AA000E444A /* Build configuration list for PBXProject "uchisui location" */ = {
			isa = XCConfigurationList;
			buildConfigurations = (
				2CE34268306115C0000E444A /* Debug */,
				2CE34269306115C0000E444A /* Release */,
			);
			defaultConfigurationIsVisible = 0;
			defaultConfigurationName = Release;
		};
		2CE3426A306115C0000E444A /* Build configuration list for PBXNativeTarget "uchisui location" */ = {
			isa = XCConfigurationList;
			buildConfigurations = (
				2CE3426B306115C0000E444A /* Debug */,
				2CE3426C306115C0000E444A /* Release */,
			);
			defaultConfigurationIsVisible = 0;
			defaultConfigurationName = Release;
		};
		2CE3426D306115C0000E444A /* Build configuration list for PBXNativeTarget "uchisui locationTests" */ = {
			isa = XCConfigurationList;
			buildConfigurations = (
				2CE3426E306115C0000E444A /* Debug */,
				2CE3426F306115C0000E444A /* Release */,
			);
			defaultConfigurationIsVisible = 0;
			defaultConfigurationName = Release;
		};
		2CE34270306115C0000E444A /* Build configuration list for PBXNativeTarget "uchisui locationUITests" */ = {
			isa = XCConfigurationList;
			buildConfigurations = (
				2CE34271306115C0000E444A /* Debug */,
				2CE34272306115C0000E444A /* Release */,
			);
			defaultConfigurationIsVisible = 0;
			defaultConfigurationName = Release;
		};
/* End XCConfigurationList section */
	};
	rootObject = 2CE3423E306115AA000E444A /* Project object */;
}
